
Microsoft Visual Studio Solution File, Format Version 12.00
# Visual Studio 15
VisualStudioVersion = 15.0.27130.2010
MinimumVisualStudioVersion = 10.0.40219.1
Project("{FAE04EC0-301F-11D3-BF4B-00C04F79EFBC}") = "comp2007w2018finalB", "comp2007w2018finalB\comp2007w2018finalB.csproj", "{77F34A22-A8E4-4AD5-BC13-F6904254F844}"
EndProject
Project("{FAE04EC0-301F-11D3-BF4B-00C04F79EFBC}") = "comp2007w2018finalB.Tests", "comp2007w2018finalB.Tests\comp2007w2018finalB.Tests.csproj", "{F781B37F-A5F5-4498-AC65-99E878303916}"
EndProject
Global
	GlobalSection(SolutionConfigurationPlatforms) = preSolution
		Debug|Any CPU = Debug|Any CPU
		Release|Any CPU = Release|Any CPU
	EndGlobalSection
	GlobalSection(ProjectConfigurationPlatforms) = postSolution
		{77F34A22-A8E4-4AD5-BC13-F6904254F844}.Debug|Any CPU.ActiveCfg = Debug|Any CPU
		{77F34A22-A8E4-4AD5-BC13-F6904254F844}.Debug|Any CPU.Build.0 = Debug|Any CPU
		{77F34A22-A8E4-4AD5-BC13-F6904254F844}.Release|Any CPU.ActiveCfg = Release|Any CPU
		{77F34A22-A8E4-4AD5-BC13-F6904254F844}.Release|Any CPU.Build.0 = Release|Any CPU
		{F781B37F-A5F5-4498-AC65-99E878303916}.Debug|Any CPU.ActiveCfg = Debug|Any CPU
		{F781B37F-A5F5-4498-AC65-99E878303916}.Debug|Any CPU.Build.0 = Debug|Any CPU
		{F781B37F-A5F5-4498-AC65-99E878303916}.Release|Any CPU.ActiveCfg = Release|Any CPU
		{F781B37F-A5F5-4498-AC65-99E878303916}.Release|Any CPU.Build.0 = Release|Any CPU
	EndGlobalSection
	GlobalSection(SolutionProperties) = preSolution
		HideSolutionNode = FALSE
	EndGlobalSection
	GlobalSection(ExtensibilityGlobals) = postSolution
		SolutionGuid = {91F995BF-6ACD-4904-8059-A221B9D380F4}
	EndGlobalSection
EndGlobal
